
Microsoft Visual Studio Solution File, Format Version 12.00
# Visual Studio Version 17
VisualStudioVersion = 17.13.35919.96
MinimumVisualStudioVersion = 10.0.40219.1
Project("{FAE04EC0-301F-11D3-BF4B-00C04F79EFBC}") = "DictionaryApp.Application", "DictionaryApp.Application\DictionaryApp.Application.csproj", "{D79CCF68-1763-4BB9-9FCA-71D5164F1832}"
EndProject
Project("{FAE04EC0-301F-11D3-BF4B-00C04F79EFBC}") = "DictionaryApp.Domain", "DictionaryApp.Domain\DictionaryApp.Domain.csproj", "{41CA5AAB-9052-4A58-A8BB-A18E9B4D01BC}"
EndProject
Project("{FAE04EC0-301F-11D3-BF4B-00C04F79EFBC}") = "DictionaryApp.Infra", "DictionaryApp.Infra\DictionaryApp.Infra.csproj", "{23F29827-8BCE-4822-9465-FC3747511F2D}"
EndProject
Project("{FAE04EC0-301F-11D3-BF4B-00C04F79EFBC}") = "DictionaryApp.Common", "DictionaryApp.Common\DictionaryApp.Common.csproj", "{93B34922-804E-4EF1-83C0-A5DB94D8C730}"
EndProject
Project("{FAE04EC0-301F-11D3-BF4B-00C04F79EFBC}") = "DictionaryApp.Api", "DictionaryApp.Api\DictionaryApp.Api.csproj", "{F95F2F1D-4E48-7081-BE10-88002A7D3FFF}"
EndProject
Project("{FAE04EC0-301F-11D3-BF4B-00C04F79EFBC}") = "DictionaryApp.Tests", "DictionaryApp.Tests\DictionaryApp.Tests.csproj", "{68469BBE-F867-463E-B19D-0DB393369FDF}"
	ProjectSection(ProjectDependencies) = postProject
		{23F29827-8BCE-4822-9465-FC3747511F2D} = {23F29827-8BCE-4822-9465-FC3747511F2D}
		{D79CCF68-1763-4BB9-9FCA-71D5164F1832} = {D79CCF68-1763-4BB9-9FCA-71D5164F1832}
		{F95F2F1D-4E48-7081-BE10-88002A7D3FFF} = {F95F2F1D-4E48-7081-BE10-88002A7D3FFF}
	EndProjectSection
EndProject
Global
	GlobalSection(SolutionConfigurationPlatforms) = preSolution
		Debug|Any CPU = Debug|Any CPU
		Release|Any CPU = Release|Any CPU
	EndGlobalSection
	GlobalSection(ProjectConfigurationPlatforms) = postSolution
		{D79CCF68-1763-4BB9-9FCA-71D5164F1832}.Debug|Any CPU.ActiveCfg = Debug|Any CPU
		{D79CCF68-1763-4BB9-9FCA-71D5164F1832}.Debug|Any CPU.Build.0 = Debug|Any CPU
		{D79CCF68-1763-4BB9-9FCA-71D5164F1832}.Release|Any CPU.ActiveCfg = Release|Any CPU
		{D79CCF68-1763-4BB9-9FCA-71D5164F1832}.Release|Any CPU.Build.0 = Release|Any CPU
		{41CA5AAB-9052-4A58-A8BB-A18E9B4D01BC}.Debug|Any CPU.ActiveCfg = Debug|Any CPU
		{41CA5AAB-9052-4A58-A8BB-A18E9B4D01BC}.Debug|Any CPU.Build.0 = Debug|Any CPU
		{41CA5AAB-9052-4A58-A8BB-A18E9B4D01BC}.Release|Any CPU.ActiveCfg = Release|Any CPU
		{41CA5AAB-9052-4A58-A8BB-A18E9B4D01BC}.Release|Any CPU.Build.0 = Release|Any CPU
		{23F29827-8BCE-4822-9465-FC3747511F2D}.Debug|Any CPU.ActiveCfg = Debug|Any CPU
		{23F29827-8BCE-4822-9465-FC3747511F2D}.Debug|Any CPU.Build.0 = Debug|Any CPU
		{23F29827-8BCE-4822-9465-FC3747511F2D}.Release|Any CPU.ActiveCfg = Release|Any CPU
		{23F29827-8BCE-4822-9465-FC3747511F2D}.Release|Any CPU.Build.0 = Release|Any CPU
		{93B34922-804E-4EF1-83C0-A5DB94D8C730}.Debug|Any CPU.ActiveCfg = Debug|Any CPU
		{93B34922-804E-4EF1-83C0-A5DB94D8C730}.Debug|Any CPU.Build.0 = Debug|Any CPU
		{93B34922-804E-4EF1-83C0-A5DB94D8C730}.Release|Any CPU.ActiveCfg = Release|Any CPU
		{93B34922-804E-4EF1-83C0-A5DB94D8C730}.Release|Any CPU.Build.0 = Release|Any CPU
		{F95F2F1D-4E48-7081-BE10-88002A7D3FFF}.Debug|Any CPU.ActiveCfg = Debug|Any CPU
		{F95F2F1D-4E48-7081-BE10-88002A7D3FFF}.Debug|Any CPU.Build.0 = Debug|Any CPU
		{F95F2F1D-4E48-7081-BE10-88002A7D3FFF}.Release|Any CPU.ActiveCfg = Release|Any CPU
		{F95F2F1D-4E48-7081-BE10-88002A7D3FFF}.Release|Any CPU.Build.0 = Release|Any CPU
		{68469BBE-F867-463E-B19D-0DB393369FDF}.Debug|Any CPU.ActiveCfg = Debug|Any CPU
		{68469BBE-F867-463E-B19D-0DB393369FDF}.Debug|Any CPU.Build.0 = Debug|Any CPU
		{68469BBE-F867-463E-B19D-0DB393369FDF}.Release|Any CPU.ActiveCfg = Release|Any CPU
		{68469BBE-F867-463E-B19D-0DB393369FDF}.Release|Any CPU.Build.0 = Release|Any CPU
	EndGlobalSection
	GlobalSection(SolutionProperties) = preSolution
		HideSolutionNode = FALSE
	EndGlobalSection
	GlobalSection(ExtensibilityGlobals) = postSolution
		SolutionGuid = {93067CD0-1646-47AD-982C-570FA4EA98CC}
	EndGlobalSection
EndGlobal
